{
  "name": "tinted-schemes-tooling",
  "version": "0.0.0",
  "lockfileVersion": 3,
  "requires": true,
  "packages": {
    "": {
      "name": "tinted-schemes-tooling",
      "version": "0.0.0",
      "devDependencies": {
        "@primer/primitives": "11.9.0",
        "json5": "^2.2.3"
      }
    },
    "node_modules/@primer/primitives": {
      "version": "11.9.0",
      "resolved": "https://registry.npmjs.org/@primer/primitives/-/primitives-11.9.0.tgz",
      "integrity": "sha512-yESOalhd7s7S3unV1V32v3Z0RszXiiz6pzy6hVI9xpdTh1q1Gt8vyDFxRlqIvuwc5ZaO1+gYQTDbjxb4nWBzMw==",
      "dev": true,
      "license": "MIT"
    },
    "node_modules/json5": {
      "version": "2.2.3",
      "resolved": "https://registry.npmjs.org/json5/-/json5-2.2.3.tgz",
      "integrity": "sha512-XmOWe7eyHYH14cLdVPoyg+GOH3rYX++KpzrylJwSW98t3Nk+U8XOl8FWKOgwtzdb8lXGf6zYwDUzeHMWfxasyg==",
      "dev": true,
      "license": "MIT",
      "bin": {
        "json5": "lib/cli.js"
      },
      "engines": {
        "node": ">=6"
      }
    }
  }
}
